// !$*UTF8*$!
{
	archiveVersion = 1;
	classes = {
	};
	objectVersion = 56;
	objects = {

/* Begin PBXBuildFile section */
		5C200C1B2CA3CC3C0026EA40 /* Preview Assets.xcassets in Resources */ = {isa = PBXBuildFile; fileRef = 5C200C112CA3CC3C0026EA40 /* Preview Assets.xcassets */; };
		5C200C1C2CA3CC3C0026EA40 /* Assets.xcassets in Resources */ = {isa = PBXBuildFile; fileRef = 5C200C132CA3CC3C0026EA40 /* Assets.xcassets */; };
		5C200C1D2CA3CC3C0026EA40 /* ContentView.swift in Sources */ = {isa = PBXBuildFile; fileRef = 5C200C142CA3CC3C0026EA40 /* ContentView.swift */; };
		5C200C1E2CA3CC3C0026EA40 /* EventEditView.swift in Sources */ = {isa = PBXBuildFile; fileRef = 5C200C152CA3CC3C0026EA40 /* EventEditView.swift */; };
		5C200C1F2CA3CC3C0026EA40 /* Message.swift in Sources */ = {isa = PBXBuildFile; fileRef = 5C200C162CA3CC3C0026EA40 /* Message.swift */; };
		5C200C202CA3CC3C0026EA40 /* MessageListView.swift in Sources */ = {isa = PBXBuildFile; fileRef = 5C200C172CA3CC3C0026EA40 /* MessageListView.swift */; };
		5C200C212CA3CC3C0026EA40 /* MessageView.swift in Sources */ = {isa = PBXBuildFile; fileRef = 5C200C182CA3CC3C0026EA40 /* MessageView.swift */; };
		5C200C222CA3CC3C0026EA40 /* iOSCalendarAssistantApp.swift in Sources */ = {isa = PBXBuildFile; fileRef = 5C200C192CA3CC3C0026EA40 /* iOSCalendarAssistantApp.swift */; };
		5C5E31D22CA4890700A0784C /* LlamaStackClient in Frameworks */ = {isa = PBXBuildFile; productRef = 5C5E31D12CA4890700A0784C /* LlamaStackClient */; };
/* End PBXBuildFile section */

/* Begin PBXFileReference section */
		5C200C112CA3CC3C0026EA40 /* Preview Assets.xcassets */ = {isa = PBXFileReference; lastKnownFileType = folder.assetcatalog; path = "Preview Assets.xcassets"; sourceTree = "<group>"; };
		5C200C132CA3CC3C0026EA40 /* Assets.xcassets */ = {isa = PBXFileReference; lastKnownFileType = folder.assetcatalog; path = Assets.xcassets; sourceTree = "<group>"; };
		5C200C142CA3CC3C0026EA40 /* ContentView.swift */ = {isa = PBXFileReference; fileEncoding = 4; lastKnownFileType = sourcecode.swift; path = ContentView.swift; sourceTree = "<group>"; };
		5C200C152CA3CC3C0026EA40 /* EventEditView.swift */ = {isa = PBXFileReference; fileEncoding = 4; lastKnownFileType = sourcecode.swift; path = EventEditView.swift; sourceTree = "<group>"; };
		5C200C162CA3CC3C0026EA40 /* Message.swift */ = {isa = PBXFileReference; fileEncoding = 4; lastKnownFileType = sourcecode.swift; path = Message.swift; sourceTree = "<group>"; };
		5C200C172CA3CC3C0026EA40 /* MessageListView.swift */ = {isa = PBXFileReference; fileEncoding = 4; lastKnownFileType = sourcecode.swift; path = MessageListView.swift; sourceTree = "<group>"; };
		5C200C182CA3CC3C0026EA40 /* MessageView.swift */ = {isa = PBXFileReference; fileEncoding = 4; lastKnownFileType = sourcecode.swift; path = MessageView.swift; sourceTree = "<group>"; };
		5C200C192CA3CC3C0026EA40 /* iOSCalendarAssistantApp.swift */ = {isa = PBXFileReference; fileEncoding = 4; lastKnownFileType = sourcecode.swift; path = iOSCalendarAssistantApp.swift; sourceTree = "<group>"; };
		5CADB0012CA1345100942A87 /* iOSCalendarAssistant.app */ = {isa = PBXFileReference; explicitFileType = wrapper.application; includeInIndex = 0; path = iOSCalendarAssistant.app; sourceTree = BUILT_PRODUCTS_DIR; };
/* End PBXFileReference section */

/* Begin PBXFrameworksBuildPhase section */
		5CADAFFE2CA1345100942A87 /* Frameworks */ = {
			isa = PBXFrameworksBuildPhase;
			buildActionMask = 2147483647;
			files = (
				5C5E31D22CA4890700A0784C /* LlamaStackClient in Frameworks */,
			);
			runOnlyForDeploymentPostprocessing = 0;
		};
/* End PBXFrameworksBuildPhase section */

/* Begin PBXGroup section */
		5C200C122CA3CC3C0026EA40 /* Preview Content */ = {
			isa = PBXGroup;
			children = (
				5C200C112CA3CC3C0026EA40 /* Preview Assets.xcassets */,
			);
			path = "Preview Content";
			sourceTree = "<group>";
		};
		5C200C1A2CA3CC3C0026EA40 /* iOSCalendarAssistant */ = {
			isa = PBXGroup;
			children = (
				5C200C122CA3CC3C0026EA40 /* Preview Content */,
				5C200C132CA3CC3C0026EA40 /* Assets.xcassets */,
				5C200C142CA3CC3C0026EA40 /* ContentView.swift */,
				5C200C152CA3CC3C0026EA40 /* EventEditView.swift */,
				5C200C162CA3CC3C0026EA40 /* Message.swift */,
				5C200C172CA3CC3C0026EA40 /* MessageListView.swift */,
				5C200C182CA3CC3C0026EA40 /* MessageView.swift */,
				5C200C192CA3CC3C0026EA40 /* iOSCalendarAssistantApp.swift */,
			);
			path = iOSCalendarAssistant;
			sourceTree = "<group>";
		};
		5CADAFF82CA1345100942A87 = {
			isa = PBXGroup;
			children = (
				5C200C1A2CA3CC3C0026EA40 /* iOSCalendarAssistant */,
				5CADB0022CA1345100942A87 /* Products */,
			);
			sourceTree = "<group>";
		};
		5CADB0022CA1345100942A87 /* Products */ = {
			isa = PBXGroup;
			children = (
				5CADB0012CA1345100942A87 /* iOSCalendarAssistant.app */,
			);
			name = Products;
			sourceTree = "<group>";
		};
/* End PBXGroup section */

/* Begin PBXNativeTarget section */
		5CADB0002CA1345100942A87 /* iOSCalendarAssistant */ = {
			isa = PBXNativeTarget;
			buildConfigurationList = 5CADB0252CA1345300942A87 /* Build configuration list for PBXNativeTarget "iOSCalendarAssistant" */;
			buildPhases = (
				5CADAFFD2CA1345100942A87 /* Sources */,
				5CADAFFE2CA1345100942A87 /* Frameworks */,
				5CADAFFF2CA1345100942A87 /* Resources */,
			);
			buildRules = (
			);
			dependencies = (
			);
			name = iOSCalendarAssistant;
			packageProductDependencies = (
				5C5E31D12CA4890700A0784C /* LlamaStackClient */,
			);
			productName = StackSummary;
			productReference = 5CADB0012CA1345100942A87 /* iOSCalendarAssistant.app */;
			productType = "com.apple.product-type.application";
		};
/* End PBXNativeTarget section */

/* Begin PBXProject section */
		5CADAFF92CA1345100942A87 /* Project object */ = {
			isa = PBXProject;
			attributes = {
				BuildIndependentTargetsInParallel = 1;
				LastSwiftUpdateCheck = 1540;
				LastUpgradeCheck = 1540;
				TargetAttributes = {
					5CADB0002CA1345100942A87 = {
						CreatedOnToolsVersion = 15.4;
					};
				};
			};
			buildConfigurationList = 5CADAFFC2CA1345100942A87 /* Build configuration list for PBXProject "iOSCalendarAssistant" */;
			compatibilityVersion = "Xcode 14.0";
			developmentRegion = en;
			hasScannedForEncodings = 0;
			knownRegions = (
				en,
				Base,
			);
			mainGroup = 5CADAFF82CA1345100942A87;
			packageReferences = (
				5C5E31D02CA4890700A0784C /* XCRemoteSwiftPackageReference "llama-stack-client-swift" */,
			);
			productRefGroup = 5CADB0022CA1345100942A87 /* Products */;
			projectDirPath = "";
			projectRoot = "";
			targets = (
				5CADB0002CA1345100942A87 /* iOSCalendarAssistant */,
			);
		};
/* End PBXProject section */

/* Begin PBXResourcesBuildPhase section */
		5CADAFFF2CA1345100942A87 /* Resources */ = {
			isa = PBXResourcesBuildPhase;
			buildActionMask = 2147483647;
			files = (
				5C200C1B2CA3CC3C0026EA40 /* Preview Assets.xcassets in Resources */,
				5C200C1C2CA3CC3C0026EA40 /* Assets.xcassets in Resources */,
			);
			runOnlyForDeploymentPostprocessing = 0;
		};
/* End PBXResourcesBuildPhase section */

/* Begin PBXSourcesBuildPhase section */
		5CADAFFD2CA1345100942A87 /* Sources */ = {
			isa = PBXSourcesBuildPhase;
			buildActionMask = 2147483647;
			files = (
				5C200C1E2CA3CC3C0026EA40 /* EventEditView.swift in Sources */,
				5C200C1F2CA3CC3C0026EA40 /* Message.swift in Sources */,
				5C200C1D2CA3CC3C0026EA40 /* ContentView.swift in Sources */,
				5C200C222CA3CC3C0026EA40 /* iOSCalendarAssistantApp.swift in Sources */,
				5C200C212CA3CC3C0026EA40 /* MessageView.swift in Sources */,
				5C200C202CA3CC3C0026EA40 /* MessageListView.swift in Sources */,
			);
			runOnlyForDeploymentPostprocessing = 0;
		};
/* End PBXSourcesBuildPhase section */

/* Begin XCBuildConfiguration section */
		5CADB0232CA1345300942A87 /* Debug */ = {
			isa = XCBuildConfiguration;
			buildSettings = {
				ALWAYS_SEARCH_USER_PATHS = NO;
				ASSETCATALOG_COMPILER_GENERATE_SWIFT_ASSET_SYMBOL_EXTENSIONS = YES;
				CLANG_ANALYZER_NONNULL = YES;
				CLANG_ANALYZER_NUMBER_OBJECT_CONVERSION = YES_AGGRESSIVE;
				CLANG_CXX_LANGUAGE_STANDARD = "gnu++20";
				CLANG_ENABLE_MODULES = YES;
				CLANG_ENABLE_OBJC_ARC = YES;
				CLANG_ENABLE_OBJC_WEAK = YES;
				CLANG_WARN_BLOCK_CAPTURE_AUTORELEASING = YES;
				CLANG_WARN_BOOL_CONVERSION = YES;
				CLANG_WARN_COMMA = YES;
				CLANG_WARN_CONSTANT_CONVERSION = YES;
				CLANG_WARN_DEPRECATED_OBJC_IMPLEMENTATIONS = YES;
				CLANG_WARN_DIRECT_OBJC_ISA_USAGE = YES_ERROR;
				CLANG_WARN_DOCUMENTATION_COMMENTS = YES;
				CLANG_WARN_EMPTY_BODY = YES;
				CLANG_WARN_ENUM_CONVERSION = YES;
				CLANG_WARN_INFINITE_RECURSION = YES;
				CLANG_WARN_INT_CONVERSION = YES;
				CLANG_WARN_NON_LITERAL_NULL_CONVERSION = YES;
				CLANG_WARN_OBJC_IMPLICIT_RETAIN_SELF = YES;
				CLANG_WARN_OBJC_LITERAL_CONVERSION = YES;
				CLANG_WARN_OBJC_ROOT_CLASS = YES_ERROR;
				CLANG_WARN_QUOTED_INCLUDE_IN_FRAMEWORK_HEADER = YES;
				CLANG_WARN_RANGE_LOOP_ANALYSIS = YES;
				CLANG_WARN_STRICT_PROTOTYPES = YES;
				CLANG_WARN_SUSPICIOUS_MOVE = YES;
				CLANG_WARN_UNGUARDED_AVAILABILITY = YES_AGGRESSIVE;
				CLANG_WARN_UNREACHABLE_CODE = YES;
				CLANG_WARN__DUPLICATE_METHOD_MATCH = YES;
				COPY_PHASE_STRIP = NO;
				DEBUG_INFORMATION_FORMAT = dwarf;
				ENABLE_STRICT_OBJC_MSGSEND = YES;
				ENABLE_TESTABILITY = YES;
				ENABLE_USER_SCRIPT_SANDBOXING = YES;
				GCC_C_LANGUAGE_STANDARD = gnu17;
				GCC_DYNAMIC_NO_PIC = NO;
				GCC_NO_COMMON_BLOCKS = YES;
				GCC_OPTIMIZATION_LEVEL = 0;
				GCC_PREPROCESSOR_DEFINITIONS = (
					"DEBUG=1",
					"$(inherited)",
				);
				GCC_WARN_64_TO_32_BIT_CONVERSION = YES;
				GCC_WARN_ABOUT_RETURN_TYPE = YES_ERROR;
				GCC_WARN_UNDECLARED_SELECTOR = YES;
				GCC_WARN_UNINITIALIZED_AUTOS = YES_AGGRESSIVE;
				GCC_WARN_UNUSED_FUNCTION = YES;
				GCC_WARN_UNUSED_VARIABLE = YES;
				IPHONEOS_DEPLOYMENT_TARGET = 17.5;
				LOCALIZATION_PREFERS_STRING_CATALOGS = YES;
				MTL_ENABLE_DEBUG_INFO = INCLUDE_SOURCE;
				MTL_FAST_MATH = YES;
				ONLY_ACTIVE_ARCH = YES;
				SDKROOT = iphoneos;
				SWIFT_ACTIVE_COMPILATION_CONDITIONS = "DEBUG $(inherited)";
				SWIFT_OPTIMIZATION_LEVEL = "-Onone";
			};
			name = Debug;
		};
		5CADB0242CA1345300942A87 /* Release */ = {
			isa = XCBuildConfiguration;
			buildSettings = {
				ALWAYS_SEARCH_USER_PATHS = NO;
				ASSETCATALOG_COMPILER_GENERATE_SWIFT_ASSET_SYMBOL_EXTENSIONS = YES;
				CLANG_ANALYZER_NONNULL = YES;
				CLANG_ANALYZER_NUMBER_OBJECT_CONVERSION = YES_AGGRESSIVE;
				CLANG_CXX_LANGUAGE_STANDARD = "gnu++20";
				CLANG_ENABLE_MODULES = YES;
				CLANG_ENABLE_OBJC_ARC = YES;
				CLANG_ENABLE_OBJC_WEAK = YES;
				CLANG_WARN_BLOCK_CAPTURE_AUTORELEASING = YES;
				CLANG_WARN_BOOL_CONVERSION = YES;
				CLANG_WARN_COMMA = YES;
				CLANG_WARN_CONSTANT_CONVERSION = YES;
				CLANG_WARN_DEPRECATED_OBJC_IMPLEMENTATIONS = YES;
				CLANG_WARN_DIRECT_OBJC_ISA_USAGE = YES_ERROR;
				CLANG_WARN_DOCUMENTATION_COMMENTS = YES;
				CLANG_WARN_EMPTY_BODY = YES;
				CLANG_WARN_ENUM_CONVERSION = YES;
				CLANG_WARN_INFINITE_RECURSION = YES;
				CLANG_WARN_INT_CONVERSION = YES;
				CLANG_WARN_NON_LITERAL_NULL_CONVERSION = YES;
				CLANG_WARN_OBJC_IMPLICIT_RETAIN_SELF = YES;
				CLANG_WARN_OBJC_LITERAL_CONVERSION = YES;
				CLANG_WARN_OBJC_ROOT_CLASS = YES_ERROR;
				CLANG_WARN_QUOTED_INCLUDE_IN_FRAMEWORK_HEADER = YES;
				CLANG_WARN_RANGE_LOOP_ANALYSIS = YES;
				CLANG_WARN_STRICT_PROTOTYPES = YES;
				CLANG_WARN_SUSPICIOUS_MOVE = YES;
				CLANG_WARN_UNGUARDED_AVAILABILITY = YES_AGGRESSIVE;
				CLANG_WARN_UNREACHABLE_CODE = YES;
				CLANG_WARN__DUPLICATE_METHOD_MATCH = YES;
				COPY_PHASE_STRIP = NO;
				DEBUG_INFORMATION_FORMAT = "dwarf-with-dsym";
				ENABLE_NS_ASSERTIONS = NO;
				ENABLE_STRICT_OBJC_MSGSEND = YES;
				ENABLE_USER_SCRIPT_SANDBOXING = YES;
				GCC_C_LANGUAGE_STANDARD = gnu17;
				GCC_NO_COMMON_BLOCKS = YES;
				GCC_WARN_64_TO_32_BIT_CONVERSION = YES;
				GCC_WARN_ABOUT_RETURN_TYPE = YES_ERROR;
				GCC_WARN_UNDECLARED_SELECTOR = YES;
				GCC_WARN_UNINITIALIZED_AUTOS = YES_AGGRESSIVE;
				GCC_WARN_UNUSED_FUNCTION = YES;
				GCC_WARN_UNUSED_VARIABLE = YES;
				IPHONEOS_DEPLOYMENT_TARGET = 17.5;
				LOCALIZATION_PREFERS_STRING_CATALOGS = YES;
				MTL_ENABLE_DEBUG_INFO = NO;
				MTL_FAST_MATH = YES;
				SDKROOT = iphoneos;
				SWIFT_COMPILATION_MODE = wholemodule;
				VALIDATE_PRODUCT = YES;
			};
			name = Release;
		};
		5CADB0262CA1345300942A87 /* Debug */ = {
			isa = XCBuildConfiguration;
			buildSettings = {
				ASSETCATALOG_COMPILER_APPICON_NAME = AppIcon;
				ASSETCATALOG_COMPILER_GLOBAL_ACCENT_COLOR_NAME = AccentColor;
				CODE_SIGN_STYLE = Automatic;
				CURRENT_PROJECT_VERSION = 1;
				DEVELOPMENT_ASSET_PATHS = "\"iOSCalendarAssistant/Preview Content\"";
				ENABLE_PREVIEWS = YES;
				GENERATE_INFOPLIST_FILE = YES;
				INFOPLIST_KEY_UIApplicationSceneManifest_Generation = YES;
				INFOPLIST_KEY_UIApplicationSupportsIndirectInputEvents = YES;
				INFOPLIST_KEY_UILaunchScreen_Generation = YES;
				INFOPLIST_KEY_UISupportedInterfaceOrientations_iPad = "UIInterfaceOrientationPortrait UIInterfaceOrientationPortraitUpsideDown UIInterfaceOrientationLandscapeLeft UIInterfaceOrientationLandscapeRight";
				INFOPLIST_KEY_UISupportedInterfaceOrientations_iPhone = "UIInterfaceOrientationPortrait UIInterfaceOrientationLandscapeLeft UIInterfaceOrientationLandscapeRight";
				LD_RUNPATH_SEARCH_PATHS = (
					"$(inherited)",
					"@executable_path/Frameworks",
				);
				MARKETING_VERSION = 1.0;
				PRODUCT_BUNDLE_IDENTIFIER = meta.StackSummary;
				PRODUCT_NAME = "$(TARGET_NAME)";
				SWIFT_EMIT_LOC_STRINGS = YES;
				SWIFT_VERSION = 5.0;
				TARGETED_DEVICE_FAMILY = "1,2";
			};
			name = Debug;
		};
		5CADB0272CA1345300942A87 /* Release */ = {
			isa = XCBuildConfiguration;
			buildSettings = {
				ASSETCATALOG_COMPILER_APPICON_NAME = AppIcon;
				ASSETCATALOG_COMPILER_GLOBAL_ACCENT_COLOR_NAME = AccentColor;
				CODE_SIGN_STYLE = Automatic;
				CURRENT_PROJECT_VERSION = 1;
				DEVELOPMENT_ASSET_PATHS = "\"iOSCalendarAssistant/Preview Content\"";
				ENABLE_PREVIEWS = YES;
				GENERATE_INFOPLIST_FILE = YES;
				INFOPLIST_KEY_UIApplicationSceneManifest_Generation = YES;
				INFOPLIST_KEY_UIApplicationSupportsIndirectInputEvents = YES;
				INFOPLIST_KEY_UILaunchScreen_Generation = YES;
				INFOPLIST_KEY_UISupportedInterfaceOrientations_iPad = "UIInterfaceOrientationPortrait UIInterfaceOrientationPortraitUpsideDown UIInterfaceOrientationLandscapeLeft UIInterfaceOrientationLandscapeRight";
				INFOPLIST_KEY_UISupportedInterfaceOrientations_iPhone = "UIInterfaceOrientationPortrait UIInterfaceOrientationLandscapeLeft UIInterfaceOrientationLandscapeRight";
				LD_RUNPATH_SEARCH_PATHS = (
					"$(inherited)",
					"@executable_path/Frameworks",
				);
				MARKETING_VERSION = 1.0;
				PRODUCT_BUNDLE_IDENTIFIER = meta.StackSummary;
				PRODUCT_NAME = "$(TARGET_NAME)";
				SWIFT_EMIT_LOC_STRINGS = YES;
				SWIFT_VERSION = 5.0;
				TARGETED_DEVICE_FAMILY = "1,2";
			};
			name = Release;
		};
/* End XCBuildConfiguration section */

/* Begin XCConfigurationList section */
		5CADAFFC2CA1345100942A87 /* Build configuration list for PBXProject "iOSCalendarAssistant" */ = {
			isa = XCConfigurationList;
			buildConfigurations = (
				5CADB0232CA1345300942A87 /* Debug */,
				5CADB0242CA1345300942A87 /* Release */,
			);
			defaultConfigurationIsVisible = 0;
			defaultConfigurationName = Release;
		};
		5CADB0252CA1345300942A87 /* Build configuration list for PBXNativeTarget "iOSCalendarAssistant" */ = {
			isa = XCConfigurationList;
			buildConfigurations = (
				5CADB0262CA1345300942A87 /* Debug */,
				5CADB0272CA1345300942A87 /* Release */,
			);
			defaultConfigurationIsVisible = 0;
			defaultConfigurationName = Release;
		};
/* End XCConfigurationList section */

/* Begin XCRemoteSwiftPackageReference section */
		5C5E31D02CA4890700A0784C /* XCRemoteSwiftPackageReference "llama-stack-client-swift" */ = {
			isa = XCRemoteSwiftPackageReference;
			repositoryURL = "https://github.com/meta-llama/llama-stack-client-swift";
			requirement = {
				branch = main;
				kind = branch;
			};
		};
/* End XCRemoteSwiftPackageReference section */

/* Begin XCSwiftPackageProductDependency section */
		5C5E31D12CA4890700A0784C /* LlamaStackClient */ = {
			isa = XCSwiftPackageProductDependency;
			package = 5C5E31D02CA4890700A0784C /* XCRemoteSwiftPackageReference "llama-stack-client-swift" */;
			productName = LlamaStackClient;
		};
/* End XCSwiftPackageProductDependency section */
	};
	rootObject = 5CADAFF92CA1345100942A87 /* Project object */;
}
