// !$*UTF8*$!
{
	archiveVersion = 1;
	classes = {
	};
	objectVersion = 56;
	objects = {

/* Begin PBXBuildFile section */
		5C5E31DD2CA48AB900A0784C /* LocalInferenceImpl.framework in Frameworks */ = {isa = PBXBuildFile; fileRef = 5C5E31D92CA48A5800A0784C /* LocalInferenceImpl.framework */; };
		5C5E31DE2CA48AB900A0784C /* LocalInferenceImpl.framework in Embed Frameworks */ = {isa = PBXBuildFile; fileRef = 5C5E31D92CA48A5800A0784C /* LocalInferenceImpl.framework */; settings = {ATTRIBUTES = (CodeSignOnCopy, RemoveHeadersOnCopy, ); }; };
		5C9644892CC8CE2000B80462 /* tokenizer.model in Resources */ = {isa = PBXBuildFile; fileRef = 5C9644882CC8CE2000B80462 /* tokenizer.model */; };
		5C9644B22CCAC34500B80462 /* LlamaStackClient in Frameworks */ = {isa = PBXBuildFile; productRef = 5C9644B12CCAC34500B80462 /* LlamaStackClient */; };
		5C9644B42CCAC34900B80462 /* backend_coreml in Frameworks */ = {isa = PBXBuildFile; productRef = 5C9644B32CCAC34900B80462 /* backend_coreml */; };
		5C9644B62CCAC34900B80462 /* backend_coreml_debug in Frameworks */ = {isa = PBXBuildFile; productRef = 5C9644B52CCAC34900B80462 /* backend_coreml_debug */; };
		5C9644B82CCAC34900B80462 /* backend_mps in Frameworks */ = {isa = PBXBuildFile; productRef = 5C9644B72CCAC34900B80462 /* backend_mps */; };
		5C9644BA2CCAC34900B80462 /* backend_mps_debug in Frameworks */ = {isa = PBXBuildFile; productRef = 5C9644B92CCAC34900B80462 /* backend_mps_debug */; };
		5C9644BC2CCAC34900B80462 /* backend_xnnpack in Frameworks */ = {isa = PBXBuildFile; productRef = 5C9644BB2CCAC34900B80462 /* backend_xnnpack */; };
		5C9644BE2CCAC34900B80462 /* backend_xnnpack_debug in Frameworks */ = {isa = PBXBuildFile; productRef = 5C9644BD2CCAC34900B80462 /* backend_xnnpack_debug */; };
		5C9644C02CCAC34D00B80462 /* kernels_custom in Frameworks */ = {isa = PBXBuildFile; productRef = 5C9644BF2CCAC34D00B80462 /* kernels_custom */; };
		5C9644C22CCAC34D00B80462 /* kernels_custom_debug in Frameworks */ = {isa = PBXBuildFile; productRef = 5C9644C12CCAC34D00B80462 /* kernels_custom_debug */; };
		5C9644C42CCAC34D00B80462 /* kernels_optimized in Frameworks */ = {isa = PBXBuildFile; productRef = 5C9644C32CCAC34D00B80462 /* kernels_optimized */; };
		5C9644C62CCAC34D00B80462 /* kernels_optimized_debug in Frameworks */ = {isa = PBXBuildFile; productRef = 5C9644C52CCAC34D00B80462 /* kernels_optimized_debug */; };
		5C9644C82CCAC34D00B80462 /* kernels_portable in Frameworks */ = {isa = PBXBuildFile; productRef = 5C9644C72CCAC34D00B80462 /* kernels_portable */; };
		5C9644CA2CCAC34D00B80462 /* kernels_portable_debug in Frameworks */ = {isa = PBXBuildFile; productRef = 5C9644C92CCAC34D00B80462 /* kernels_portable_debug */; };
		5C9644CC2CCAC34D00B80462 /* kernels_quantized in Frameworks */ = {isa = PBXBuildFile; productRef = 5C9644CB2CCAC34D00B80462 /* kernels_quantized */; };
		5C9644CE2CCAC34D00B80462 /* kernels_quantized_debug in Frameworks */ = {isa = PBXBuildFile; productRef = 5C9644CD2CCAC34D00B80462 /* kernels_quantized_debug */; };
		5C9644D32CCAC6A100B80462 /* LLaMARunner.framework in Frameworks */ = {isa = PBXBuildFile; fileRef = 5C9644D22CCAC6A100B80462 /* LLaMARunner.framework */; };
		5C9644D42CCAC6DE00B80462 /* LLaMARunner.framework in Embed Frameworks */ = {isa = PBXBuildFile; fileRef = 5C9644D22CCAC6A100B80462 /* LLaMARunner.framework */; settings = {ATTRIBUTES = (CodeSignOnCopy, RemoveHeadersOnCopy, ); }; };
		5C9644D62CCAC72C00B80462 /* executorch_debug in Frameworks */ = {isa = PBXBuildFile; productRef = 5C9644D52CCAC72C00B80462 /* executorch_debug */; };
		5CADC7012CA45670007662D2 /* Preview Assets.xcassets in Resources */ = {isa = PBXBuildFile; fileRef = 5CADC6F72CA45670007662D2 /* Preview Assets.xcassets */; };
		5CADC7022CA45670007662D2 /* Assets.xcassets in Resources */ = {isa = PBXBuildFile; fileRef = 5CADC6F92CA45670007662D2 /* Assets.xcassets */; };
		5CADC7032CA45670007662D2 /* ContentView.swift in Sources */ = {isa = PBXBuildFile; fileRef = 5CADC6FA2CA45670007662D2 /* ContentView.swift */; };
		5CADC7042CA45670007662D2 /* EventEditView.swift in Sources */ = {isa = PBXBuildFile; fileRef = 5CADC6FB2CA45670007662D2 /* EventEditView.swift */; };
		5CADC7052CA45670007662D2 /* iOSCalendarAssistantApp.swift in Sources */ = {isa = PBXBuildFile; fileRef = 5CADC6FC2CA45670007662D2 /* iOSCalendarAssistantApp.swift */; };
		5CADC7062CA45670007662D2 /* Message.swift in Sources */ = {isa = PBXBuildFile; fileRef = 5CADC6FD2CA45670007662D2 /* Message.swift */; };
		5CADC7072CA45670007662D2 /* MessageListView.swift in Sources */ = {isa = PBXBuildFile; fileRef = 5CADC6FE2CA45670007662D2 /* MessageListView.swift */; };
		5CADC7082CA45670007662D2 /* MessageView.swift in Sources */ = {isa = PBXBuildFile; fileRef = 5CADC6FF2CA45670007662D2 /* MessageView.swift */; };
		5CADC71C2CA4741B007662D2 /* LocalInferenceImpl.framework in Frameworks */ = {isa = PBXBuildFile; fileRef = 5CADC71B2CA4741B007662D2 /* LocalInferenceImpl.framework */; };
		5CADC71D2CA4741B007662D2 /* LocalInferenceImpl.framework in Embed Frameworks */ = {isa = PBXBuildFile; fileRef = 5CADC71B2CA4741B007662D2 /* LocalInferenceImpl.framework */; settings = {ATTRIBUTES = (CodeSignOnCopy, RemoveHeadersOnCopy, ); }; };
/* End PBXBuildFile section */

/* Begin PBXContainerItemProxy section */
		5C5E31D82CA48A5800A0784C /* PBXContainerItemProxy */ = {
			isa = PBXContainerItemProxy;
			containerPortal = 5C5E31D32CA48A5800A0784C /* LocalInferenceImpl.xcodeproj */;
			proxyType = 2;
			remoteGlobalIDString = 5CCBC6082CA1F04A00E958D0;
			remoteInfo = LocalInferenceImpl;
		};
/* End PBXContainerItemProxy section */

/* Begin PBXCopyFilesBuildPhase section */
		5CADC7172CA467C4007662D2 /* Embed Frameworks */ = {
			isa = PBXCopyFilesBuildPhase;
			buildActionMask = 2147483647;
			dstPath = "";
			dstSubfolderSpec = 10;
			files = (
				5C9644D42CCAC6DE00B80462 /* LLaMARunner.framework in Embed Frameworks */,
				5C5E31DE2CA48AB900A0784C /* LocalInferenceImpl.framework in Embed Frameworks */,
				5CADC71D2CA4741B007662D2 /* LocalInferenceImpl.framework in Embed Frameworks */,
			);
			name = "Embed Frameworks";
			runOnlyForDeploymentPostprocessing = 0;
		};
/* End PBXCopyFilesBuildPhase section */

/* Begin PBXFileReference section */
		5C5E31D32CA48A5800A0784C /* LocalInferenceImpl.xcodeproj */ = {isa = PBXFileReference; lastKnownFileType = "wrapper.pb-project"; name = LocalInferenceImpl.xcodeproj; path = "iOSCalendarAssistantWithLocalInf/llama-stack/llama_stack/providers/impls/ios/inference/LocalInferenceImpl.xcodeproj"; sourceTree = "<group>"; };
		5C9644882CC8CE2000B80462 /* tokenizer.model */ = {isa = PBXFileReference; fileEncoding = 4; lastKnownFileType = text; path = tokenizer.model; sourceTree = "<group>"; };
		5C9644D22CCAC6A100B80462 /* LLaMARunner.framework */ = {isa = PBXFileReference; explicitFileType = wrapper.framework; path = LLaMARunner.framework; sourceTree = BUILT_PRODUCTS_DIR; };
		5CADB0012CA1345100942A87 /* iOSCalendarAssistantWithLocalInf.app */ = {isa = PBXFileReference; explicitFileType = wrapper.application; includeInIndex = 0; path = iOSCalendarAssistantWithLocalInf.app; sourceTree = BUILT_PRODUCTS_DIR; };
		5CADC6F72CA45670007662D2 /* Preview Assets.xcassets */ = {isa = PBXFileReference; lastKnownFileType = folder.assetcatalog; path = "Preview Assets.xcassets"; sourceTree = "<group>"; };
		5CADC6F92CA45670007662D2 /* Assets.xcassets */ = {isa = PBXFileReference; lastKnownFileType = folder.assetcatalog; path = Assets.xcassets; sourceTree = "<group>"; };
		5CADC6FA2CA45670007662D2 /* ContentView.swift */ = {isa = PBXFileReference; fileEncoding = 4; lastKnownFileType = sourcecode.swift; path = ContentView.swift; sourceTree = "<group>"; };
		5CADC6FB2CA45670007662D2 /* EventEditView.swift */ = {isa = PBXFileReference; fileEncoding = 4; lastKnownFileType = sourcecode.swift; path = EventEditView.swift; sourceTree = "<group>"; };
		5CADC6FC2CA45670007662D2 /* iOSCalendarAssistantApp.swift */ = {isa = PBXFileReference; fileEncoding = 4; lastKnownFileType = sourcecode.swift; path = iOSCalendarAssistantApp.swift; sourceTree = "<group>"; };
		5CADC6FD2CA45670007662D2 /* Message.swift */ = {isa = PBXFileReference; fileEncoding = 4; lastKnownFileType = sourcecode.swift; path = Message.swift; sourceTree = "<group>"; };
		5CADC6FE2CA45670007662D2 /* MessageListView.swift */ = {isa = PBXFileReference; fileEncoding = 4; lastKnownFileType = sourcecode.swift; path = MessageListView.swift; sourceTree = "<group>"; };
		5CADC6FF2CA45670007662D2 /* MessageView.swift */ = {isa = PBXFileReference; fileEncoding = 4; lastKnownFileType = sourcecode.swift; path = MessageView.swift; sourceTree = "<group>"; };
		5CADC71B2CA4741B007662D2 /* LocalInferenceImpl.framework */ = {isa = PBXFileReference; explicitFileType = wrapper.framework; path = LocalInferenceImpl.framework; sourceTree = BUILT_PRODUCTS_DIR; };
/* End PBXFileReference section */

/* Begin PBXFrameworksBuildPhase section */
		5CADAFFE2CA1345100942A87 /* Frameworks */ = {
			isa = PBXFrameworksBuildPhase;
			buildActionMask = 2147483647;
			files = (
				5C9644D32CCAC6A100B80462 /* LLaMARunner.framework in Frameworks */,
				5C9644BE2CCAC34900B80462 /* backend_xnnpack_debug in Frameworks */,
				5C9644BC2CCAC34900B80462 /* backend_xnnpack in Frameworks */,
				5C9644C62CCAC34D00B80462 /* kernels_optimized_debug in Frameworks */,
				5C9644D62CCAC72C00B80462 /* executorch_debug in Frameworks */,
				5C9644CA2CCAC34D00B80462 /* kernels_portable_debug in Frameworks */,
				5C9644B62CCAC34900B80462 /* backend_coreml_debug in Frameworks */,
				5C9644CE2CCAC34D00B80462 /* kernels_quantized_debug in Frameworks */,
				5C9644C02CCAC34D00B80462 /* kernels_custom in Frameworks */,
				5C9644C42CCAC34D00B80462 /* kernels_optimized in Frameworks */,
				5C9644BA2CCAC34900B80462 /* backend_mps_debug in Frameworks */,
				5C9644CC2CCAC34D00B80462 /* kernels_quantized in Frameworks */,
				5C9644B22CCAC34500B80462 /* LlamaStackClient in Frameworks */,
				5C9644C22CCAC34D00B80462 /* kernels_custom_debug in Frameworks */,
				5C9644B82CCAC34900B80462 /* backend_mps in Frameworks */,
				5C9644C82CCAC34D00B80462 /* kernels_portable in Frameworks */,
				5C9644B42CCAC34900B80462 /* backend_coreml in Frameworks */,
				5C5E31DD2CA48AB900A0784C /* LocalInferenceImpl.framework in Frameworks */,
				5CADC71C2CA4741B007662D2 /* LocalInferenceImpl.framework in Frameworks */,
			);
			runOnlyForDeploymentPostprocessing = 0;
		};
/* End PBXFrameworksBuildPhase section */

/* Begin PBXGroup section */
		5C5E31D42CA48A5800A0784C /* Products */ = {
			isa = PBXGroup;
			children = (
				5C5E31D92CA48A5800A0784C /* LocalInferenceImpl.framework */,
			);
			name = Products;
			sourceTree = "<group>";
		};
		5CADAFF82CA1345100942A87 = {
			isa = PBXGroup;
			children = (
				5C9644882CC8CE2000B80462 /* tokenizer.model */,
				5C5E31D32CA48A5800A0784C /* LocalInferenceImpl.xcodeproj */,
				5CADC7002CA45670007662D2 /* iOSCalendarAssistantWithLocalInf */,
				5CADB0022CA1345100942A87 /* Products */,
				5CADC7142CA467C4007662D2 /* Frameworks */,
			);
			sourceTree = "<group>";
		};
		5CADB0022CA1345100942A87 /* Products */ = {
			isa = PBXGroup;
			children = (
				5CADB0012CA1345100942A87 /* iOSCalendarAssistantWithLocalInf.app */,
			);
			name = Products;
			sourceTree = "<group>";
		};
		5CADC6F82CA45670007662D2 /* Preview Content */ = {
			isa = PBXGroup;
			children = (
				5CADC6F72CA45670007662D2 /* Preview Assets.xcassets */,
			);
			path = "Preview Content";
			sourceTree = "<group>";
		};
		5CADC7002CA45670007662D2 /* iOSCalendarAssistantWithLocalInf */ = {
			isa = PBXGroup;
			children = (
				5CADC6F82CA45670007662D2 /* Preview Content */,
				5CADC6F92CA45670007662D2 /* Assets.xcassets */,
				5CADC6FA2CA45670007662D2 /* ContentView.swift */,
				5CADC6FB2CA45670007662D2 /* EventEditView.swift */,
				5CADC6FC2CA45670007662D2 /* iOSCalendarAssistantApp.swift */,
				5CADC6FD2CA45670007662D2 /* Message.swift */,
				5CADC6FE2CA45670007662D2 /* MessageListView.swift */,
				5CADC6FF2CA45670007662D2 /* MessageView.swift */,
			);
			path = iOSCalendarAssistantWithLocalInf;
			sourceTree = "<group>";
		};
		5CADC7142CA467C4007662D2 /* Frameworks */ = {
			isa = PBXGroup;
			children = (
				5C9644D22CCAC6A100B80462 /* LLaMARunner.framework */,
				5CADC71B2CA4741B007662D2 /* LocalInferenceImpl.framework */,
			);
			name = Frameworks;
			sourceTree = "<group>";
		};
/* End PBXGroup section */

/* Begin PBXNativeTarget section */
		5CADB0002CA1345100942A87 /* iOSCalendarAssistantWithLocalInf */ = {
			isa = PBXNativeTarget;
			buildConfigurationList = 5CADB0252CA1345300942A87 /* Build configuration list for PBXNativeTarget "iOSCalendarAssistantWithLocalInf" */;
			buildPhases = (
				5CADAFFD2CA1345100942A87 /* Sources */,
				5CADAFFE2CA1345100942A87 /* Frameworks */,
				5CADAFFF2CA1345100942A87 /* Resources */,
				5CADC7172CA467C4007662D2 /* Embed Frameworks */,
			);
			buildRules = (
			);
			dependencies = (
			);
			name = iOSCalendarAssistantWithLocalInf;
			packageProductDependencies = (
				5C9644B12CCAC34500B80462 /* LlamaStackClient */,
				5C9644B32CCAC34900B80462 /* backend_coreml */,
				5C9644B52CCAC34900B80462 /* backend_coreml_debug */,
				5C9644B72CCAC34900B80462 /* backend_mps */,
				5C9644B92CCAC34900B80462 /* backend_mps_debug */,
				5C9644BB2CCAC34900B80462 /* backend_xnnpack */,
				5C9644BD2CCAC34900B80462 /* backend_xnnpack_debug */,
				5C9644BF2CCAC34D00B80462 /* kernels_custom */,
				5C9644C12CCAC34D00B80462 /* kernels_custom_debug */,
				5C9644C32CCAC34D00B80462 /* kernels_optimized */,
				5C9644C52CCAC34D00B80462 /* kernels_optimized_debug */,
				5C9644C72CCAC34D00B80462 /* kernels_portable */,
				5C9644C92CCAC34D00B80462 /* kernels_portable_debug */,
				5C9644CB2CCAC34D00B80462 /* kernels_quantized */,
				5C9644CD2CCAC34D00B80462 /* kernels_quantized_debug */,
				5C9644D52CCAC72C00B80462 /* executorch_debug */,
			);
			productName = StackSummary;
			productReference = 5CADB0012CA1345100942A87 /* iOSCalendarAssistantWithLocalInf.app */;
			productType = "com.apple.product-type.application";
		};
/* End PBXNativeTarget section */

/* Begin PBXProject section */
		5CADAFF92CA1345100942A87 /* Project object */ = {
			isa = PBXProject;
			attributes = {
				BuildIndependentTargetsInParallel = 1;
				LastSwiftUpdateCheck = 1540;
				LastUpgradeCheck = 1540;
				TargetAttributes = {
					5CADB0002CA1345100942A87 = {
						CreatedOnToolsVersion = 15.4;
					};
				};
			};
			buildConfigurationList = 5CADAFFC2CA1345100942A87 /* Build configuration list for PBXProject "iOSCalendarAssistantWithLocalInf" */;
			compatibilityVersion = "Xcode 14.0";
			developmentRegion = en;
			hasScannedForEncodings = 0;
			knownRegions = (
				en,
				Base,
			);
			mainGroup = 5CADAFF82CA1345100942A87;
			packageReferences = (
				5C5E31DA2CA48A8E00A0784C /* XCRemoteSwiftPackageReference "llama-stack-client-swift" */,
				5C5E31ED2CA48FEE00A0784C /* XCRemoteSwiftPackageReference "executorch" */,
			);
			productRefGroup = 5CADB0022CA1345100942A87 /* Products */;
			projectDirPath = "";
			projectReferences = (
				{
					ProductGroup = 5C5E31D42CA48A5800A0784C /* Products */;
					ProjectRef = 5C5E31D32CA48A5800A0784C /* LocalInferenceImpl.xcodeproj */;
				},
			);
			projectRoot = "";
			targets = (
				5CADB0002CA1345100942A87 /* iOSCalendarAssistantWithLocalInf */,
			);
		};
/* End PBXProject section */

/* Begin PBXReferenceProxy section */
		5C5E31D92CA48A5800A0784C /* LocalInferenceImpl.framework */ = {
			isa = PBXReferenceProxy;
			fileType = wrapper.framework;
			path = LocalInferenceImpl.framework;
			remoteRef = 5C5E31D82CA48A5800A0784C /* PBXContainerItemProxy */;
			sourceTree = BUILT_PRODUCTS_DIR;
		};
/* End PBXReferenceProxy section */

/* Begin PBXResourcesBuildPhase section */
		5CADAFFF2CA1345100942A87 /* Resources */ = {
			isa = PBXResourcesBuildPhase;
			buildActionMask = 2147483647;
			files = (
				5CADC7022CA45670007662D2 /* Assets.xcassets in Resources */,
				5CADC7012CA45670007662D2 /* Preview Assets.xcassets in Resources */,
				5C9644892CC8CE2000B80462 /* tokenizer.model in Resources */,
			);
			runOnlyForDeploymentPostprocessing = 0;
		};
/* End PBXResourcesBuildPhase section */

/* Begin PBXSourcesBuildPhase section */
		5CADAFFD2CA1345100942A87 /* Sources */ = {
			isa = PBXSourcesBuildPhase;
			buildActionMask = 2147483647;
			files = (
				5CADC7082CA45670007662D2 /* MessageView.swift in Sources */,
				5CADC7052CA45670007662D2 /* iOSCalendarAssistantApp.swift in Sources */,
				5CADC7062CA45670007662D2 /* Message.swift in Sources */,
				5CADC7032CA45670007662D2 /* ContentView.swift in Sources */,
				5CADC7072CA45670007662D2 /* MessageListView.swift in Sources */,
				5CADC7042CA45670007662D2 /* EventEditView.swift in Sources */,
			);
			runOnlyForDeploymentPostprocessing = 0;
		};
/* End PBXSourcesBuildPhase section */

/* Begin XCBuildConfiguration section */
		5CADB0232CA1345300942A87 /* Debug */ = {
			isa = XCBuildConfiguration;
			buildSettings = {
				ALWAYS_SEARCH_USER_PATHS = NO;
				ASSETCATALOG_COMPILER_GENERATE_SWIFT_ASSET_SYMBOL_EXTENSIONS = YES;
				CLANG_ANALYZER_NONNULL = YES;
				CLANG_ANALYZER_NUMBER_OBJECT_CONVERSION = YES_AGGRESSIVE;
				CLANG_CXX_LANGUAGE_STANDARD = "gnu++20";
				CLANG_ENABLE_MODULES = YES;
				CLANG_ENABLE_OBJC_ARC = YES;
				CLANG_ENABLE_OBJC_WEAK = YES;
				CLANG_WARN_BLOCK_CAPTURE_AUTORELEASING = YES;
				CLANG_WARN_BOOL_CONVERSION = YES;
				CLANG_WARN_COMMA = YES;
				CLANG_WARN_CONSTANT_CONVERSION = YES;
				CLANG_WARN_DEPRECATED_OBJC_IMPLEMENTATIONS = YES;
				CLANG_WARN_DIRECT_OBJC_ISA_USAGE = YES_ERROR;
				CLANG_WARN_DOCUMENTATION_COMMENTS = YES;
				CLANG_WARN_EMPTY_BODY = YES;
				CLANG_WARN_ENUM_CONVERSION = YES;
				CLANG_WARN_INFINITE_RECURSION = YES;
				CLANG_WARN_INT_CONVERSION = YES;
				CLANG_WARN_NON_LITERAL_NULL_CONVERSION = YES;
				CLANG_WARN_OBJC_IMPLICIT_RETAIN_SELF = YES;
				CLANG_WARN_OBJC_LITERAL_CONVERSION = YES;
				CLANG_WARN_OBJC_ROOT_CLASS = YES_ERROR;
				CLANG_WARN_QUOTED_INCLUDE_IN_FRAMEWORK_HEADER = YES;
				CLANG_WARN_RANGE_LOOP_ANALYSIS = YES;
				CLANG_WARN_STRICT_PROTOTYPES = YES;
				CLANG_WARN_SUSPICIOUS_MOVE = YES;
				CLANG_WARN_UNGUARDED_AVAILABILITY = YES_AGGRESSIVE;
				CLANG_WARN_UNREACHABLE_CODE = YES;
				CLANG_WARN__DUPLICATE_METHOD_MATCH = YES;
				COPY_PHASE_STRIP = NO;
				DEBUG_INFORMATION_FORMAT = dwarf;
				ENABLE_STRICT_OBJC_MSGSEND = YES;
				ENABLE_TESTABILITY = YES;
				ENABLE_USER_SCRIPT_SANDBOXING = YES;
				GCC_C_LANGUAGE_STANDARD = gnu17;
				GCC_DYNAMIC_NO_PIC = NO;
				GCC_NO_COMMON_BLOCKS = YES;
				GCC_OPTIMIZATION_LEVEL = 0;
				GCC_PREPROCESSOR_DEFINITIONS = (
					"DEBUG=1",
					"$(inherited)",
				);
				GCC_WARN_64_TO_32_BIT_CONVERSION = YES;
				GCC_WARN_ABOUT_RETURN_TYPE = YES_ERROR;
				GCC_WARN_UNDECLARED_SELECTOR = YES;
				GCC_WARN_UNINITIALIZED_AUTOS = YES_AGGRESSIVE;
				GCC_WARN_UNUSED_FUNCTION = YES;
				GCC_WARN_UNUSED_VARIABLE = YES;
				IPHONEOS_DEPLOYMENT_TARGET = 17.5;
				LOCALIZATION_PREFERS_STRING_CATALOGS = YES;
				MTL_ENABLE_DEBUG_INFO = INCLUDE_SOURCE;
				MTL_FAST_MATH = YES;
				ONLY_ACTIVE_ARCH = YES;
				SDKROOT = iphoneos;
				SWIFT_ACTIVE_COMPILATION_CONDITIONS = "DEBUG $(inherited)";
				SWIFT_OPTIMIZATION_LEVEL = "-Onone";
			};
			name = Debug;
		};
		5CADB0242CA1345300942A87 /* Release */ = {
			isa = XCBuildConfiguration;
			buildSettings = {
				ALWAYS_SEARCH_USER_PATHS = NO;
				ASSETCATALOG_COMPILER_GENERATE_SWIFT_ASSET_SYMBOL_EXTENSIONS = YES;
				CLANG_ANALYZER_NONNULL = YES;
				CLANG_ANALYZER_NUMBER_OBJECT_CONVERSION = YES_AGGRESSIVE;
				CLANG_CXX_LANGUAGE_STANDARD = "gnu++20";
				CLANG_ENABLE_MODULES = YES;
				CLANG_ENABLE_OBJC_ARC = YES;
				CLANG_ENABLE_OBJC_WEAK = YES;
				CLANG_WARN_BLOCK_CAPTURE_AUTORELEASING = YES;
				CLANG_WARN_BOOL_CONVERSION = YES;
				CLANG_WARN_COMMA = YES;
				CLANG_WARN_CONSTANT_CONVERSION = YES;
				CLANG_WARN_DEPRECATED_OBJC_IMPLEMENTATIONS = YES;
				CLANG_WARN_DIRECT_OBJC_ISA_USAGE = YES_ERROR;
				CLANG_WARN_DOCUMENTATION_COMMENTS = YES;
				CLANG_WARN_EMPTY_BODY = YES;
				CLANG_WARN_ENUM_CONVERSION = YES;
				CLANG_WARN_INFINITE_RECURSION = YES;
				CLANG_WARN_INT_CONVERSION = YES;
				CLANG_WARN_NON_LITERAL_NULL_CONVERSION = YES;
				CLANG_WARN_OBJC_IMPLICIT_RETAIN_SELF = YES;
				CLANG_WARN_OBJC_LITERAL_CONVERSION = YES;
				CLANG_WARN_OBJC_ROOT_CLASS = YES_ERROR;
				CLANG_WARN_QUOTED_INCLUDE_IN_FRAMEWORK_HEADER = YES;
				CLANG_WARN_RANGE_LOOP_ANALYSIS = YES;
				CLANG_WARN_STRICT_PROTOTYPES = YES;
				CLANG_WARN_SUSPICIOUS_MOVE = YES;
				CLANG_WARN_UNGUARDED_AVAILABILITY = YES_AGGRESSIVE;
				CLANG_WARN_UNREACHABLE_CODE = YES;
				CLANG_WARN__DUPLICATE_METHOD_MATCH = YES;
				COPY_PHASE_STRIP = NO;
				DEBUG_INFORMATION_FORMAT = "dwarf-with-dsym";
				ENABLE_NS_ASSERTIONS = NO;
				ENABLE_STRICT_OBJC_MSGSEND = YES;
				ENABLE_USER_SCRIPT_SANDBOXING = YES;
				GCC_C_LANGUAGE_STANDARD = gnu17;
				GCC_NO_COMMON_BLOCKS = YES;
				GCC_WARN_64_TO_32_BIT_CONVERSION = YES;
				GCC_WARN_ABOUT_RETURN_TYPE = YES_ERROR;
				GCC_WARN_UNDECLARED_SELECTOR = YES;
				GCC_WARN_UNINITIALIZED_AUTOS = YES_AGGRESSIVE;
				GCC_WARN_UNUSED_FUNCTION = YES;
				GCC_WARN_UNUSED_VARIABLE = YES;
				IPHONEOS_DEPLOYMENT_TARGET = 17.5;
				LOCALIZATION_PREFERS_STRING_CATALOGS = YES;
				MTL_ENABLE_DEBUG_INFO = NO;
				MTL_FAST_MATH = YES;
				SDKROOT = iphoneos;
				SWIFT_COMPILATION_MODE = wholemodule;
				VALIDATE_PRODUCT = YES;
			};
			name = Release;
		};
		5CADB0262CA1345300942A87 /* Debug */ = {
			isa = XCBuildConfiguration;
			buildSettings = {
				ASSETCATALOG_COMPILER_APPICON_NAME = AppIcon;
				ASSETCATALOG_COMPILER_GLOBAL_ACCENT_COLOR_NAME = AccentColor;
				CODE_SIGN_STYLE = Automatic;
				CURRENT_PROJECT_VERSION = 1;
				DEVELOPMENT_ASSET_PATHS = "\"iOSCalendarAssistant/Preview Content\"";
				ENABLE_PREVIEWS = YES;
				GENERATE_INFOPLIST_FILE = YES;
				INFOPLIST_KEY_UIApplicationSceneManifest_Generation = YES;
				INFOPLIST_KEY_UIApplicationSupportsIndirectInputEvents = YES;
				INFOPLIST_KEY_UILaunchScreen_Generation = YES;
				INFOPLIST_KEY_UISupportedInterfaceOrientations_iPad = "UIInterfaceOrientationPortrait UIInterfaceOrientationPortraitUpsideDown UIInterfaceOrientationLandscapeLeft UIInterfaceOrientationLandscapeRight";
				INFOPLIST_KEY_UISupportedInterfaceOrientations_iPhone = "UIInterfaceOrientationPortrait UIInterfaceOrientationLandscapeLeft UIInterfaceOrientationLandscapeRight";
				LD_RUNPATH_SEARCH_PATHS = (
					"$(inherited)",
					"@executable_path/Frameworks",
				);
				MARKETING_VERSION = 1.0;
				OTHER_LDFLAGS = "";
				"OTHER_LDFLAGS[sdk=iphoneos*]" = (
					"-force_load",
					"$(BUILT_PRODUCTS_DIR)/libkernels_optimized-ios-release.a",
					"-force_load",
					"$(BUILT_PRODUCTS_DIR)/libkernels_custom-ios-release.a",
					"-force_load",
					"$(BUILT_PRODUCTS_DIR)/libkernels_quantized-ios-release.a",
					"-force_load",
					"$(BUILT_PRODUCTS_DIR)/libbackend_xnnpack-ios-release.a",
					"-force_load",
					"$(BUILT_PRODUCTS_DIR)/libbackend_coreml-ios-release.a",
					"-force_load",
					"$(BUILT_PRODUCTS_DIR)/libbackend_mps-ios-release.a",
				);
				"OTHER_LDFLAGS[sdk=iphonesimulator*]" = (
					"-force_load",
					"$(BUILT_PRODUCTS_DIR)/libkernels_optimized-simulator-release.a",
					"-force_load",
					"$(BUILT_PRODUCTS_DIR)/libkernels_custom-simulator-release.a",
					"-force_load",
					"$(BUILT_PRODUCTS_DIR)/libkernels_quantized-simulator-release.a",
					"-force_load",
					"$(BUILT_PRODUCTS_DIR)/libbackend_xnnpack-simulator-release.a",
					"-force_load",
					"$(BUILT_PRODUCTS_DIR)/libbackend_coreml-simulator-release.a",
					"-force_load",
					"$(BUILT_PRODUCTS_DIR)/libbackend_mps-simulator-release.a",
				);
				PRODUCT_BUNDLE_IDENTIFIER = meta.StackSummary;
				PRODUCT_NAME = "$(TARGET_NAME)";
				SWIFT_EMIT_LOC_STRINGS = YES;
				SWIFT_VERSION = 5.0;
				TARGETED_DEVICE_FAMILY = "1,2";
			};
			name = Debug;
		};
		5CADB0272CA1345300942A87 /* Release */ = {
			isa = XCBuildConfiguration;
			buildSettings = {
				ASSETCATALOG_COMPILER_APPICON_NAME = AppIcon;
				ASSETCATALOG_COMPILER_GLOBAL_ACCENT_COLOR_NAME = AccentColor;
				CODE_SIGN_STYLE = Automatic;
				CURRENT_PROJECT_VERSION = 1;
				DEVELOPMENT_ASSET_PATHS = "\"iOSCalendarAssistant/Preview Content\"";
				ENABLE_PREVIEWS = YES;
				GENERATE_INFOPLIST_FILE = YES;
				INFOPLIST_KEY_UIApplicationSceneManifest_Generation = YES;
				INFOPLIST_KEY_UIApplicationSupportsIndirectInputEvents = YES;
				INFOPLIST_KEY_UILaunchScreen_Generation = YES;
				INFOPLIST_KEY_UISupportedInterfaceOrientations_iPad = "UIInterfaceOrientationPortrait UIInterfaceOrientationPortraitUpsideDown UIInterfaceOrientationLandscapeLeft UIInterfaceOrientationLandscapeRight";
				INFOPLIST_KEY_UISupportedInterfaceOrientations_iPhone = "UIInterfaceOrientationPortrait UIInterfaceOrientationLandscapeLeft UIInterfaceOrientationLandscapeRight";
				LD_RUNPATH_SEARCH_PATHS = (
					"$(inherited)",
					"@executable_path/Frameworks",
				);
				MARKETING_VERSION = 1.0;
				OTHER_LDFLAGS = "";
				"OTHER_LDFLAGS[sdk=iphoneos*]" = (
					"-force_load",
					"$(BUILT_PRODUCTS_DIR)/libkernels_optimized-ios-release.a",
					"-force_load",
					"$(BUILT_PRODUCTS_DIR)/libkernels_custom-ios-release.a",
					"-force_load",
					"$(BUILT_PRODUCTS_DIR)/libkernels_quantized-ios-release.a",
					"-force_load",
					"$(BUILT_PRODUCTS_DIR)/libbackend_xnnpack-ios-release.a",
					"-force_load",
					"$(BUILT_PRODUCTS_DIR)/libbackend_coreml-ios-release.a",
					"-force_load",
					"$(BUILT_PRODUCTS_DIR)/libbackend_mps-ios-release.a",
				);
				"OTHER_LDFLAGS[sdk=iphonesimulator*]" = (
					"-force_load",
					"$(BUILT_PRODUCTS_DIR)/libkernels_optimized-simulator-release.a",
					"-force_load",
					"$(BUILT_PRODUCTS_DIR)/libkernels_custom-simulator-release.a",
					"-force_load",
					"$(BUILT_PRODUCTS_DIR)/libkernels_quantized-simulator-release.a",
					"-force_load",
					"$(BUILT_PRODUCTS_DIR)/libbackend_xnnpack-simulator-release.a",
					"-force_load",
					"$(BUILT_PRODUCTS_DIR)/libbackend_coreml-simulator-release.a",
					"-force_load",
					"$(BUILT_PRODUCTS_DIR)/libbackend_mps-simulator-release.a",
				);
				PRODUCT_BUNDLE_IDENTIFIER = meta.StackSummary;
				PRODUCT_NAME = "$(TARGET_NAME)";
				SWIFT_EMIT_LOC_STRINGS = YES;
				SWIFT_VERSION = 5.0;
				TARGETED_DEVICE_FAMILY = "1,2";
			};
			name = Release;
		};
/* End XCBuildConfiguration section */

/* Begin XCConfigurationList section */
		5CADAFFC2CA1345100942A87 /* Build configuration list for PBXProject "iOSCalendarAssistantWithLocalInf" */ = {
			isa = XCConfigurationList;
			buildConfigurations = (
				5CADB0232CA1345300942A87 /* Debug */,
				5CADB0242CA1345300942A87 /* Release */,
			);
			defaultConfigurationIsVisible = 0;
			defaultConfigurationName = Release;
		};
		5CADB0252CA1345300942A87 /* Build configuration list for PBXNativeTarget "iOSCalendarAssistantWithLocalInf" */ = {
			isa = XCConfigurationList;
			buildConfigurations = (
				5CADB0262CA1345300942A87 /* Debug */,
				5CADB0272CA1345300942A87 /* Release */,
			);
			defaultConfigurationIsVisible = 0;
			defaultConfigurationName = Release;
		};
/* End XCConfigurationList section */

/* Begin XCRemoteSwiftPackageReference section */
		5C5E31DA2CA48A8E00A0784C /* XCRemoteSwiftPackageReference "llama-stack-client-swift" */ = {
			isa = XCRemoteSwiftPackageReference;
			repositoryURL = "https://github.com/meta-llama/llama-stack-client-swift";
			requirement = {
				branch = main;
				kind = branch;
			};
		};
		5C5E31ED2CA48FEE00A0784C /* XCRemoteSwiftPackageReference "executorch" */ = {
			isa = XCRemoteSwiftPackageReference;
			repositoryURL = "https://github.com/pytorch/executorch/";
			requirement = {
				branch = latest;
				kind = branch;
			};
		};
/* End XCRemoteSwiftPackageReference section */

/* Begin XCSwiftPackageProductDependency section */
		5C9644B12CCAC34500B80462 /* LlamaStackClient */ = {
			isa = XCSwiftPackageProductDependency;
			package = 5C5E31DA2CA48A8E00A0784C /* XCRemoteSwiftPackageReference "llama-stack-client-swift" */;
			productName = LlamaStackClient;
		};
		5C9644B32CCAC34900B80462 /* backend_coreml */ = {
			isa = XCSwiftPackageProductDependency;
			package = 5C5E31ED2CA48FEE00A0784C /* XCRemoteSwiftPackageReference "executorch" */;
			productName = backend_coreml;
		};
		5C9644B52CCAC34900B80462 /* backend_coreml_debug */ = {
			isa = XCSwiftPackageProductDependency;
			package = 5C5E31ED2CA48FEE00A0784C /* XCRemoteSwiftPackageReference "executorch" */;
			productName = backend_coreml_debug;
		};
		5C9644B72CCAC34900B80462 /* backend_mps */ = {
			isa = XCSwiftPackageProductDependency;
			package = 5C5E31ED2CA48FEE00A0784C /* XCRemoteSwiftPackageReference "executorch" */;
			productName = backend_mps;
		};
		5C9644B92CCAC34900B80462 /* backend_mps_debug */ = {
			isa = XCSwiftPackageProductDependency;
			package = 5C5E31ED2CA48FEE00A0784C /* XCRemoteSwiftPackageReference "executorch" */;
			productName = backend_mps_debug;
		};
		5C9644BB2CCAC34900B80462 /* backend_xnnpack */ = {
			isa = XCSwiftPackageProductDependency;
			package = 5C5E31ED2CA48FEE00A0784C /* XCRemoteSwiftPackageReference "executorch" */;
			productName = backend_xnnpack;
		};
		5C9644BD2CCAC34900B80462 /* backend_xnnpack_debug */ = {
			isa = XCSwiftPackageProductDependency;
			package = 5C5E31ED2CA48FEE00A0784C /* XCRemoteSwiftPackageReference "executorch" */;
			productName = backend_xnnpack_debug;
		};
		5C9644BF2CCAC34D00B80462 /* kernels_custom */ = {
			isa = XCSwiftPackageProductDependency;
			package = 5C5E31ED2CA48FEE00A0784C /* XCRemoteSwiftPackageReference "executorch" */;
			productName = kernels_custom;
		};
		5C9644C12CCAC34D00B80462 /* kernels_custom_debug */ = {
			isa = XCSwiftPackageProductDependency;
			package = 5C5E31ED2CA48FEE00A0784C /* XCRemoteSwiftPackageReference "executorch" */;
			productName = kernels_custom_debug;
		};
		5C9644C32CCAC34D00B80462 /* kernels_optimized */ = {
			isa = XCSwiftPackageProductDependency;
			package = 5C5E31ED2CA48FEE00A0784C /* XCRemoteSwiftPackageReference "executorch" */;
			productName = kernels_optimized;
		};
		5C9644C52CCAC34D00B80462 /* kernels_optimized_debug */ = {
			isa = XCSwiftPackageProductDependency;
			package = 5C5E31ED2CA48FEE00A0784C /* XCRemoteSwiftPackageReference "executorch" */;
			productName = kernels_optimized_debug;
		};
		5C9644C72CCAC34D00B80462 /* kernels_portable */ = {
			isa = XCSwiftPackageProductDependency;
			package = 5C5E31ED2CA48FEE00A0784C /* XCRemoteSwiftPackageReference "executorch" */;
			productName = kernels_portable;
		};
		5C9644C92CCAC34D00B80462 /* kernels_portable_debug */ = {
			isa = XCSwiftPackageProductDependency;
			package = 5C5E31ED2CA48FEE00A0784C /* XCRemoteSwiftPackageReference "executorch" */;
			productName = kernels_portable_debug;
		};
		5C9644CB2CCAC34D00B80462 /* kernels_quantized */ = {
			isa = XCSwiftPackageProductDependency;
			package = 5C5E31ED2CA48FEE00A0784C /* XCRemoteSwiftPackageReference "executorch" */;
			productName = kernels_quantized;
		};
		5C9644CD2CCAC34D00B80462 /* kernels_quantized_debug */ = {
			isa = XCSwiftPackageProductDependency;
			package = 5C5E31ED2CA48FEE00A0784C /* XCRemoteSwiftPackageReference "executorch" */;
			productName = kernels_quantized_debug;
		};
		5C9644D52CCAC72C00B80462 /* executorch_debug */ = {
			isa = XCSwiftPackageProductDependency;
			package = 5C5E31ED2CA48FEE00A0784C /* XCRemoteSwiftPackageReference "executorch" */;
			productName = executorch_debug;
		};
/* End XCSwiftPackageProductDependency section */
	};
	rootObject = 5CADAFF92CA1345100942A87 /* Project object */;
}
