// !$*UTF8*$!
{
	archiveVersion = 1;
	classes = {
	};
	objectVersion = 77;
	objects = {

/* Begin PBXBuildFile section */
		263819E72D714ED70061CC78 /* LlamaStackClient in Frameworks */ = {isa = PBXBuildFile; productRef = 26AF95862D3D74A000168181 /* LlamaStackClient */; };
		263819E82D714ED70061CC78 /* LlamaStackClient in Frameworks */ = {isa = PBXBuildFile; productRef = 26F9B8EE2D3D76A4009E42C7 /* LlamaStackClient */; };
		263819E92D714ED70061CC78 /* LlamaStackClient in Frameworks */ = {isa = PBXBuildFile; productRef = 26F9B8F12D3D7718009E42C7 /* LlamaStackClient */; };
		263819EA2D714ED70061CC78 /* LlamaStackClient in Frameworks */ = {isa = PBXBuildFile; productRef = 26F9B8FD2D3D7879009E42C7 /* LlamaStackClient */; };
		263819EB2D714ED70061CC78 /* LlamaStackClient in Frameworks */ = {isa = PBXBuildFile; productRef = 26DF73172D3D7F7300D52D27 /* LlamaStackClient */; };
		263819EC2D714ED70061CC78 /* LlamaStackClient in Frameworks */ = {isa = PBXBuildFile; productRef = 26C2EA212D3D7FD4000FD42D /* LlamaStackClient */; };
		263819ED2D714ED70061CC78 /* LlamaStackClient in Frameworks */ = {isa = PBXBuildFile; productRef = 26F399262D42F0E3007FB9D6 /* LlamaStackClient */; };
		263819EE2D714ED70061CC78 /* LlamaStackClient in Frameworks */ = {isa = PBXBuildFile; productRef = 265029162D4306A200D06225 /* LlamaStackClient */; };
		263819EF2D714ED70061CC78 /* LlamaStackClient in Frameworks */ = {isa = PBXBuildFile; productRef = 265029512D46A19A00D06225 /* LlamaStackClient */; };
		263819FD2D714F050061CC78 /* LlamaStackClient in Frameworks */ = {isa = PBXBuildFile; productRef = 263819FC2D714F050061CC78 /* LlamaStackClient */; };
/* End PBXBuildFile section */

/* Begin PBXFileReference section */
		26AF95742D3D743800168181 /* iOSQuickDemo.app */ = {isa = PBXFileReference; explicitFileType = wrapper.application; includeInIndex = 0; path = iOSQuickDemo.app; sourceTree = BUILT_PRODUCTS_DIR; };
/* End PBXFileReference section */

/* Begin PBXFileSystemSynchronizedBuildFileExceptionSet section */
		26C2EA242D3D8303000FD42D /* Exceptions for "iOSQuickDemo" folder in "iOSQuickDemo" target */ = {
			isa = PBXFileSystemSynchronizedBuildFileExceptionSet;
			membershipExceptions = (
				Info.plist,
			);
			target = 26AF95732D3D743800168181 /* iOSQuickDemo */;
		};
/* End PBXFileSystemSynchronizedBuildFileExceptionSet section */

/* Begin PBXFileSystemSynchronizedRootGroup section */
		26AF95762D3D743800168181 /* iOSQuickDemo */ = {
			isa = PBXFileSystemSynchronizedRootGroup;
			exceptions = (
				26C2EA242D3D8303000FD42D /* Exceptions for "iOSQuickDemo" folder in "iOSQuickDemo" target */,
			);
			path = iOSQuickDemo;
			sourceTree = "<group>";
		};
/* End PBXFileSystemSynchronizedRootGroup section */

/* Begin PBXFrameworksBuildPhase section */
		26AF95712D3D743800168181 /* Frameworks */ = {
			isa = PBXFrameworksBuildPhase;
			buildActionMask = 2147483647;
			files = (
				263819EF2D714ED70061CC78 /* LlamaStackClient in Frameworks */,
				263819EE2D714ED70061CC78 /* LlamaStackClient in Frameworks */,
				263819ED2D714ED70061CC78 /* LlamaStackClient in Frameworks */,
				263819EC2D714ED70061CC78 /* LlamaStackClient in Frameworks */,
				263819EB2D714ED70061CC78 /* LlamaStackClient in Frameworks */,
				263819EA2D714ED70061CC78 /* LlamaStackClient in Frameworks */,
				263819FD2D714F050061CC78 /* LlamaStackClient in Frameworks */,
				263819E92D714ED70061CC78 /* LlamaStackClient in Frameworks */,
				263819E82D714ED70061CC78 /* LlamaStackClient in Frameworks */,
				263819E72D714ED70061CC78 /* LlamaStackClient in Frameworks */,
			);
			runOnlyForDeploymentPostprocessing = 0;
		};
/* End PBXFrameworksBuildPhase section */

/* Begin PBXGroup section */
		26AF956B2D3D743800168181 = {
			isa = PBXGroup;
			children = (
				26AF95762D3D743800168181 /* iOSQuickDemo */,
				26F399242D42F0AB007FB9D6 /* Frameworks */,
				26AF95752D3D743800168181 /* Products */,
			);
			sourceTree = "<group>";
		};
		26AF95752D3D743800168181 /* Products */ = {
			isa = PBXGroup;
			children = (
				26AF95742D3D743800168181 /* iOSQuickDemo.app */,
			);
			name = Products;
			sourceTree = "<group>";
		};
		26F399242D42F0AB007FB9D6 /* Frameworks */ = {
			isa = PBXGroup;
			children = (
			);
			name = Frameworks;
			sourceTree = "<group>";
		};
/* End PBXGroup section */

/* Begin PBXNativeTarget section */
		26AF95732D3D743800168181 /* iOSQuickDemo */ = {
			isa = PBXNativeTarget;
			buildConfigurationList = 26AF95822D3D743A00168181 /* Build configuration list for PBXNativeTarget "iOSQuickDemo" */;
			buildPhases = (
				26AF95702D3D743800168181 /* Sources */,
				26AF95712D3D743800168181 /* Frameworks */,
				26AF95722D3D743800168181 /* Resources */,
			);
			buildRules = (
			);
			dependencies = (
			);
			fileSystemSynchronizedGroups = (
				26AF95762D3D743800168181 /* iOSQuickDemo */,
			);
			name = iOSQuickDemo;
			packageProductDependencies = (
				26AF95862D3D74A000168181 /* LlamaStackClient */,
				26F9B8EE2D3D76A4009E42C7 /* LlamaStackClient */,
				26F9B8F12D3D7718009E42C7 /* LlamaStackClient */,
				26F9B8FD2D3D7879009E42C7 /* LlamaStackClient */,
				26DF73172D3D7F7300D52D27 /* LlamaStackClient */,
				26C2EA212D3D7FD4000FD42D /* LlamaStackClient */,
				26F399262D42F0E3007FB9D6 /* LlamaStackClient */,
				265029162D4306A200D06225 /* LlamaStackClient */,
				265029512D46A19A00D06225 /* LlamaStackClient */,
				263819FC2D714F050061CC78 /* LlamaStackClient */,
			);
			productName = iOSQuickDemo;
			productReference = 26AF95742D3D743800168181 /* iOSQuickDemo.app */;
			productType = "com.apple.product-type.application";
		};
/* End PBXNativeTarget section */

/* Begin PBXProject section */
		26AF956C2D3D743800168181 /* Project object */ = {
			isa = PBXProject;
			attributes = {
				BuildIndependentTargetsInParallel = 1;
				LastSwiftUpdateCheck = 1620;
				LastUpgradeCheck = 1620;
				TargetAttributes = {
					26AF95732D3D743800168181 = {
						CreatedOnToolsVersion = 16.2;
					};
				};
			};
			buildConfigurationList = 26AF956F2D3D743800168181 /* Build configuration list for PBXProject "iOSQuickDemo" */;
			developmentRegion = en;
			hasScannedForEncodings = 0;
			knownRegions = (
				en,
				Base,
			);
			mainGroup = 26AF956B2D3D743800168181;
			minimizedProjectReferenceProxies = 1;
			packageReferences = (
				263819FB2D714F050061CC78 /* XCRemoteSwiftPackageReference "llama-stack-client-swift" */,
			);
			preferredProjectObjectVersion = 77;
			productRefGroup = 26AF95752D3D743800168181 /* Products */;
			projectDirPath = "";
			projectRoot = "";
			targets = (
				26AF95732D3D743800168181 /* iOSQuickDemo */,
			);
		};
/* End PBXProject section */

/* Begin PBXResourcesBuildPhase section */
		26AF95722D3D743800168181 /* Resources */ = {
			isa = PBXResourcesBuildPhase;
			buildActionMask = 2147483647;
			files = (
			);
			runOnlyForDeploymentPostprocessing = 0;
		};
/* End PBXResourcesBuildPhase section */

/* Begin PBXSourcesBuildPhase section */
		26AF95702D3D743800168181 /* Sources */ = {
			isa = PBXSourcesBuildPhase;
			buildActionMask = 2147483647;
			files = (
			);
			runOnlyForDeploymentPostprocessing = 0;
		};
/* End PBXSourcesBuildPhase section */

/* Begin XCBuildConfiguration section */
		26AF95802D3D743A00168181 /* Debug */ = {
			isa = XCBuildConfiguration;
			buildSettings = {
				ALWAYS_SEARCH_USER_PATHS = NO;
				ASSETCATALOG_COMPILER_GENERATE_SWIFT_ASSET_SYMBOL_EXTENSIONS = YES;
				CLANG_ANALYZER_NONNULL = YES;
				CLANG_ANALYZER_NUMBER_OBJECT_CONVERSION = YES_AGGRESSIVE;
				CLANG_CXX_LANGUAGE_STANDARD = "gnu++20";
				CLANG_ENABLE_MODULES = YES;
				CLANG_ENABLE_OBJC_ARC = YES;
				CLANG_ENABLE_OBJC_WEAK = YES;
				CLANG_WARN_BLOCK_CAPTURE_AUTORELEASING = YES;
				CLANG_WARN_BOOL_CONVERSION = YES;
				CLANG_WARN_COMMA = YES;
				CLANG_WARN_CONSTANT_CONVERSION = YES;
				CLANG_WARN_DEPRECATED_OBJC_IMPLEMENTATIONS = YES;
				CLANG_WARN_DIRECT_OBJC_ISA_USAGE = YES_ERROR;
				CLANG_WARN_DOCUMENTATION_COMMENTS = YES;
				CLANG_WARN_EMPTY_BODY = YES;
				CLANG_WARN_ENUM_CONVERSION = YES;
				CLANG_WARN_INFINITE_RECURSION = YES;
				CLANG_WARN_INT_CONVERSION = YES;
				CLANG_WARN_NON_LITERAL_NULL_CONVERSION = YES;
				CLANG_WARN_OBJC_IMPLICIT_RETAIN_SELF = YES;
				CLANG_WARN_OBJC_LITERAL_CONVERSION = YES;
				CLANG_WARN_OBJC_ROOT_CLASS = YES_ERROR;
				CLANG_WARN_QUOTED_INCLUDE_IN_FRAMEWORK_HEADER = YES;
				CLANG_WARN_RANGE_LOOP_ANALYSIS = YES;
				CLANG_WARN_STRICT_PROTOTYPES = YES;
				CLANG_WARN_SUSPICIOUS_MOVE = YES;
				CLANG_WARN_UNGUARDED_AVAILABILITY = YES_AGGRESSIVE;
				CLANG_WARN_UNREACHABLE_CODE = YES;
				CLANG_WARN__DUPLICATE_METHOD_MATCH = YES;
				COPY_PHASE_STRIP = NO;
				DEBUG_INFORMATION_FORMAT = dwarf;
				ENABLE_STRICT_OBJC_MSGSEND = YES;
				ENABLE_TESTABILITY = YES;
				ENABLE_USER_SCRIPT_SANDBOXING = YES;
				GCC_C_LANGUAGE_STANDARD = gnu17;
				GCC_DYNAMIC_NO_PIC = NO;
				GCC_NO_COMMON_BLOCKS = YES;
				GCC_OPTIMIZATION_LEVEL = 0;
				GCC_PREPROCESSOR_DEFINITIONS = (
					"DEBUG=1",
					"$(inherited)",
				);
				GCC_WARN_64_TO_32_BIT_CONVERSION = YES;
				GCC_WARN_ABOUT_RETURN_TYPE = YES_ERROR;
				GCC_WARN_UNDECLARED_SELECTOR = YES;
				GCC_WARN_UNINITIALIZED_AUTOS = YES_AGGRESSIVE;
				GCC_WARN_UNUSED_FUNCTION = YES;
				GCC_WARN_UNUSED_VARIABLE = YES;
				IPHONEOS_DEPLOYMENT_TARGET = 18.2;
				LOCALIZATION_PREFERS_STRING_CATALOGS = YES;
				MTL_ENABLE_DEBUG_INFO = INCLUDE_SOURCE;
				MTL_FAST_MATH = YES;
				ONLY_ACTIVE_ARCH = YES;
				SDKROOT = iphoneos;
				SWIFT_ACTIVE_COMPILATION_CONDITIONS = "DEBUG $(inherited)";
				SWIFT_OPTIMIZATION_LEVEL = "-Onone";
			};
			name = Debug;
		};
		26AF95812D3D743A00168181 /* Release */ = {
			isa = XCBuildConfiguration;
			buildSettings = {
				ALWAYS_SEARCH_USER_PATHS = NO;
				ASSETCATALOG_COMPILER_GENERATE_SWIFT_ASSET_SYMBOL_EXTENSIONS = YES;
				CLANG_ANALYZER_NONNULL = YES;
				CLANG_ANALYZER_NUMBER_OBJECT_CONVERSION = YES_AGGRESSIVE;
				CLANG_CXX_LANGUAGE_STANDARD = "gnu++20";
				CLANG_ENABLE_MODULES = YES;
				CLANG_ENABLE_OBJC_ARC = YES;
				CLANG_ENABLE_OBJC_WEAK = YES;
				CLANG_WARN_BLOCK_CAPTURE_AUTORELEASING = YES;
				CLANG_WARN_BOOL_CONVERSION = YES;
				CLANG_WARN_COMMA = YES;
				CLANG_WARN_CONSTANT_CONVERSION = YES;
				CLANG_WARN_DEPRECATED_OBJC_IMPLEMENTATIONS = YES;
				CLANG_WARN_DIRECT_OBJC_ISA_USAGE = YES_ERROR;
				CLANG_WARN_DOCUMENTATION_COMMENTS = YES;
				CLANG_WARN_EMPTY_BODY = YES;
				CLANG_WARN_ENUM_CONVERSION = YES;
				CLANG_WARN_INFINITE_RECURSION = YES;
				CLANG_WARN_INT_CONVERSION = YES;
				CLANG_WARN_NON_LITERAL_NULL_CONVERSION = YES;
				CLANG_WARN_OBJC_IMPLICIT_RETAIN_SELF = YES;
				CLANG_WARN_OBJC_LITERAL_CONVERSION = YES;
				CLANG_WARN_OBJC_ROOT_CLASS = YES_ERROR;
				CLANG_WARN_QUOTED_INCLUDE_IN_FRAMEWORK_HEADER = YES;
				CLANG_WARN_RANGE_LOOP_ANALYSIS = YES;
				CLANG_WARN_STRICT_PROTOTYPES = YES;
				CLANG_WARN_SUSPICIOUS_MOVE = YES;
				CLANG_WARN_UNGUARDED_AVAILABILITY = YES_AGGRESSIVE;
				CLANG_WARN_UNREACHABLE_CODE = YES;
				CLANG_WARN__DUPLICATE_METHOD_MATCH = YES;
				COPY_PHASE_STRIP = NO;
				DEBUG_INFORMATION_FORMAT = "dwarf-with-dsym";
				ENABLE_NS_ASSERTIONS = NO;
				ENABLE_STRICT_OBJC_MSGSEND = YES;
				ENABLE_USER_SCRIPT_SANDBOXING = YES;
				GCC_C_LANGUAGE_STANDARD = gnu17;
				GCC_NO_COMMON_BLOCKS = YES;
				GCC_WARN_64_TO_32_BIT_CONVERSION = YES;
				GCC_WARN_ABOUT_RETURN_TYPE = YES_ERROR;
				GCC_WARN_UNDECLARED_SELECTOR = YES;
				GCC_WARN_UNINITIALIZED_AUTOS = YES_AGGRESSIVE;
				GCC_WARN_UNUSED_FUNCTION = YES;
				GCC_WARN_UNUSED_VARIABLE = YES;
				IPHONEOS_DEPLOYMENT_TARGET = 18.2;
				LOCALIZATION_PREFERS_STRING_CATALOGS = YES;
				MTL_ENABLE_DEBUG_INFO = NO;
				MTL_FAST_MATH = YES;
				SDKROOT = iphoneos;
				SWIFT_COMPILATION_MODE = wholemodule;
				VALIDATE_PRODUCT = YES;
			};
			name = Release;
		};
		26AF95832D3D743A00168181 /* Debug */ = {
			isa = XCBuildConfiguration;
			buildSettings = {
				ASSETCATALOG_COMPILER_APPICON_NAME = AppIcon;
				ASSETCATALOG_COMPILER_GLOBAL_ACCENT_COLOR_NAME = AccentColor;
				CODE_SIGN_STYLE = Automatic;
				CURRENT_PROJECT_VERSION = 1;
				DEVELOPMENT_ASSET_PATHS = "\"iOSQuickDemo/Preview Content\"";
				ENABLE_PREVIEWS = YES;
				GENERATE_INFOPLIST_FILE = YES;
				INFOPLIST_FILE = iOSQuickDemo/Info.plist;
				INFOPLIST_KEY_UIApplicationSceneManifest_Generation = YES;
				INFOPLIST_KEY_UIApplicationSupportsIndirectInputEvents = YES;
				INFOPLIST_KEY_UILaunchScreen_Generation = YES;
				INFOPLIST_KEY_UISupportedInterfaceOrientations_iPad = "UIInterfaceOrientationPortrait UIInterfaceOrientationPortraitUpsideDown UIInterfaceOrientationLandscapeLeft UIInterfaceOrientationLandscapeRight";
				INFOPLIST_KEY_UISupportedInterfaceOrientations_iPhone = "UIInterfaceOrientationPortrait UIInterfaceOrientationLandscapeLeft UIInterfaceOrientationLandscapeRight";
				LD_RUNPATH_SEARCH_PATHS = (
					"$(inherited)",
					"@executable_path/Frameworks",
				);
				MARKETING_VERSION = 1.0;
				PRODUCT_BUNDLE_IDENTIFIER = llama.iOSQuickDemo;
				PRODUCT_NAME = "$(TARGET_NAME)";
				SWIFT_EMIT_LOC_STRINGS = YES;
				SWIFT_VERSION = 5.0;
				TARGETED_DEVICE_FAMILY = "1,2";
			};
			name = Debug;
		};
		26AF95842D3D743A00168181 /* Release */ = {
			isa = XCBuildConfiguration;
			buildSettings = {
				ASSETCATALOG_COMPILER_APPICON_NAME = AppIcon;
				ASSETCATALOG_COMPILER_GLOBAL_ACCENT_COLOR_NAME = AccentColor;
				CODE_SIGN_STYLE = Automatic;
				CURRENT_PROJECT_VERSION = 1;
				DEVELOPMENT_ASSET_PATHS = "\"iOSQuickDemo/Preview Content\"";
				ENABLE_PREVIEWS = YES;
				GENERATE_INFOPLIST_FILE = YES;
				INFOPLIST_FILE = iOSQuickDemo/Info.plist;
				INFOPLIST_KEY_UIApplicationSceneManifest_Generation = YES;
				INFOPLIST_KEY_UIApplicationSupportsIndirectInputEvents = YES;
				INFOPLIST_KEY_UILaunchScreen_Generation = YES;
				INFOPLIST_KEY_UISupportedInterfaceOrientations_iPad = "UIInterfaceOrientationPortrait UIInterfaceOrientationPortraitUpsideDown UIInterfaceOrientationLandscapeLeft UIInterfaceOrientationLandscapeRight";
				INFOPLIST_KEY_UISupportedInterfaceOrientations_iPhone = "UIInterfaceOrientationPortrait UIInterfaceOrientationLandscapeLeft UIInterfaceOrientationLandscapeRight";
				LD_RUNPATH_SEARCH_PATHS = (
					"$(inherited)",
					"@executable_path/Frameworks",
				);
				MARKETING_VERSION = 1.0;
				PRODUCT_BUNDLE_IDENTIFIER = llama.iOSQuickDemo;
				PRODUCT_NAME = "$(TARGET_NAME)";
				SWIFT_EMIT_LOC_STRINGS = YES;
				SWIFT_VERSION = 5.0;
				TARGETED_DEVICE_FAMILY = "1,2";
			};
			name = Release;
		};
/* End XCBuildConfiguration section */

/* Begin XCConfigurationList section */
		26AF956F2D3D743800168181 /* Build configuration list for PBXProject "iOSQuickDemo" */ = {
			isa = XCConfigurationList;
			buildConfigurations = (
				26AF95802D3D743A00168181 /* Debug */,
				26AF95812D3D743A00168181 /* Release */,
			);
			defaultConfigurationIsVisible = 0;
			defaultConfigurationName = Release;
		};
		26AF95822D3D743A00168181 /* Build configuration list for PBXNativeTarget "iOSQuickDemo" */ = {
			isa = XCConfigurationList;
			buildConfigurations = (
				26AF95832D3D743A00168181 /* Debug */,
				26AF95842D3D743A00168181 /* Release */,
			);
			defaultConfigurationIsVisible = 0;
			defaultConfigurationName = Release;
		};
/* End XCConfigurationList section */

/* Begin XCRemoteSwiftPackageReference section */
		263819FB2D714F050061CC78 /* XCRemoteSwiftPackageReference "llama-stack-client-swift" */ = {
			isa = XCRemoteSwiftPackageReference;
			repositoryURL = "https://github.com/meta-llama/llama-stack-client-swift";
			requirement = {
				kind = upToNextMajorVersion;
				minimumVersion = 0.1.4;
			};
		};
/* End XCRemoteSwiftPackageReference section */

/* Begin XCSwiftPackageProductDependency section */
		263819FC2D714F050061CC78 /* LlamaStackClient */ = {
			isa = XCSwiftPackageProductDependency;
			package = 263819FB2D714F050061CC78 /* XCRemoteSwiftPackageReference "llama-stack-client-swift" */;
			productName = LlamaStackClient;
		};
		265029162D4306A200D06225 /* LlamaStackClient */ = {
			isa = XCSwiftPackageProductDependency;
			productName = LlamaStackClient;
		};
		265029512D46A19A00D06225 /* LlamaStackClient */ = {
			isa = XCSwiftPackageProductDependency;
			productName = LlamaStackClient;
		};
		26AF95862D3D74A000168181 /* LlamaStackClient */ = {
			isa = XCSwiftPackageProductDependency;
			productName = LlamaStackClient;
		};
		26C2EA212D3D7FD4000FD42D /* LlamaStackClient */ = {
			isa = XCSwiftPackageProductDependency;
			productName = LlamaStackClient;
		};
		26DF73172D3D7F7300D52D27 /* LlamaStackClient */ = {
			isa = XCSwiftPackageProductDependency;
			productName = LlamaStackClient;
		};
		26F399262D42F0E3007FB9D6 /* LlamaStackClient */ = {
			isa = XCSwiftPackageProductDependency;
			productName = LlamaStackClient;
		};
		26F9B8EE2D3D76A4009E42C7 /* LlamaStackClient */ = {
			isa = XCSwiftPackageProductDependency;
			productName = LlamaStackClient;
		};
		26F9B8F12D3D7718009E42C7 /* LlamaStackClient */ = {
			isa = XCSwiftPackageProductDependency;
			productName = LlamaStackClient;
		};
		26F9B8FD2D3D7879009E42C7 /* LlamaStackClient */ = {
			isa = XCSwiftPackageProductDependency;
			productName = LlamaStackClient;
		};
/* End XCSwiftPackageProductDependency section */
	};
	rootObject = 26AF956C2D3D743800168181 /* Project object */;
}
